git.fractalqb.de/fractalqb/catch v0.3.0 h1:Gq2b4k3O4+8joTlXLx8thcwYU0FkRGnZgDAoalAs4dM=
git.fractalqb.de/fractalqb/catch v0.3.0/go.mod h1:zXovejd5jSkpUrfb5N5wuGqfhoP419f7IjdK+JKIbeE=
git.fractalqb.de/fractalqb/ggja v0.11.2 h1:YmQ1qJ76BWfXRP7vzj+jRQ2nJQR1F80DtdCzIsvVxFQ=
git.fractalqb.de/fractalqb/ggja v0.11.2/go.mod h1:AIZ5hSqD4EkkA7UhzCeGfD7dS6rjs164qh1hx1B7LE8=
git.fractalqb.de/fractalqb/ggja v0.11.3 h1:kMEpkkIEWJnGQC6NcRAOS/B9PnKCdzqqMPy2Ibbvcvk=
git.fractalqb.de/fractalqb/ggja v0.11.3/go.mod h1:8P1peYhnwnb3LdeCeGUnfM253NlpUtArqFjIrab52E8=
git.fractalqb.de/fractalqb/gomk v0.11.1-alpha h1:0qo/raCNGpzOJxt0WiHd5CWONlUuikH2p846wwg+VyA=
git.fractalqb.de/fractalqb/gomk v0.11.1-alpha/go.mod h1:zfyBbMHDAYQ0emFqf0u04OE3OpS3c/HZXwMrYXBpJHw=
git.fractalqb.de/fractalqb/icontainer v0.3.0 h1:Ng806FZ9qNLCgk9VJt6egCIMxzbiBTzELHJTwQ+Pg8s=
git.fractalqb.de/fractalqb/icontainer v0.3.0/go.mod h1:8tedqqrYIvDzOkigsUUtta/KoP1pHjHJ0s+4cx5rkXU=
git.fractalqb.de/fractalqb/qblog v0.14.3 h1:Pl6hxImiw+lzMzcCNaqQCPi5cVvevssy5um7Wcim8Tk=
git.fractalqb.de/fractalqb/qblog v0.14.3/go.mod h1:0OQMFGkEYrCSqwXmuJebD9eUqb2dyKJ6rd/qFskDW84=
git.fractalqb.de/fractalqb/sllm/v3 v3.0.0-beta.2 h1:BKepN60EDAsvA4CZLRcUmIobpSEee+aiOHyeH8bfPf4=
git.fractalqb.de/fractalqb/sllm/v3 v3.0.0-beta.2/go.mod h1:TF4z6bXt5lA1tTq4x6eeuaqA9NIYGgTDwui+ookYC7A=
github.com/TwiN/go-color v1.4.0 h1:fNbOwOrvup5oj934UragnW0B1WKaAkkB85q19Y7h4ng=
github.com/TwiN/go-color v1.4.0/go.mod h1:0QTVEPlu+AoCyTrho7bXbVkrCkVpdQr7YF7PYWEtSxM=
github.com/TwiN/go-color v1.4.1 h1:mqG0P/KBgHKVqmtL5ye7K0/Gr4l6hTksPgTgMk3mUzc=
github.com/TwiN/go-color v1.4.1/go.mod h1:WcPf/jtiW95WBIsEeY1Lc/b8aaWoiqQpu5cf8WFxu+s=
github.com/fractalqb/texst v0.8.0 h1:r+2Vlj2rys0VNFgQVVp/rCFqO+Hc0HCj8b6pK1DLP04=
github.com/fractalqb/texst v0.8.0/go.mod h1:1I3XAXaa6C7b8ueo/QIQFXjyhj8oOJA2vNoNHOl08h4=
golang.org/x/mod v0.12.0 h1:rmsUpXtvNzj340zd98LZ4KntptpfRHwpFOHG188oHXc=
golang.org/x/mod v0.12.0/go.mod h1:iBbtSCu2XBx23ZKBPSOrRkjjQPZFPuis4dIYUhu/chs=
golang.org/x/mod v0.15.0 h1:SernR4v+D55NyBH2QiEQrlBAnj1ECL6AGrA5+dPaMY8=
golang.org/x/mod v0.15.0/go.mod h1:hTbmBsO62+eylJbnUtE2MGJUyE7QWk4xUqPFrRgJ+7c=
gopkg.in/check.v1 v0.0.0-20161208181325-20d25e280405 h1:yhCVgyC4o1eVCa2tZl7eS0r+SDo693bJlVdllGtEeKM=
gopkg.in/check.v1 v0.0.0-20161208181325-20d25e280405/go.mod h1:Co6ibVJAznAaIkqp8huTwlJQCZ016jof/cbN4VW5Yz0=
gopkg.in/yaml.v3 v3.0.1 h1:fxVm/GzAzEWqLHuvctI91KS9hhNmmWOoWu0XTYJS7CA=
gopkg.in/yaml.v3 v3.0.1/go.mod h1:K4uyk7z7BCEPqu6E+C64Yfv1cQ7kz7rIZviUmN+EgEM=
